{
    "_meta": {
        "hash": {
            "sha256": "707c8fe2e6862524c50f02a2be34fd96fcbe1ea5791f58c153077360b969cd8e"
        },
        "pipfile-spec": 6,
        "requires": {
            "python_version": "3.8"
        },
        "sources": [
            {
                "name": "pypi",
                "url": "https://pypi.org/simple",
                "verify_ssl": true
            }
        ]
    },
    "default": {
        "chess": {
            "hashes": [
                "sha256:590c979f25a26b8c621c6c312278fb5ba6cd6bdf39af9bd2553a7f1732295120",
                "sha256:823ab1bc8b1674e37e77e8d4ff8e758f37551dcdee4d106438fa22f12d3a7d9b"
            ],
            "index": "pypi",
            "version": "==1.4.0"
        }
    },
    "develop": {
        "rope": {
            "hashes": [
                "sha256:786b5c38c530d4846aa68a42604f61b4e69a493390e3ca11b88df0fbfdc3ed04"
            ],
            "index": "pypi",
            "version": "==0.18.0"
        }
    }
}
